Microsoft Visual Studio Solution File, Format Version 12.00
# Visual Studio Version 17
VisualStudioVersion = 17.5.2.0
MinimumVisualStudioVersion = 10.0.40219.1
Project("{2150E333-8FDC-42A3-9474-1A3956D46DE8}") = "containers", "containers", "{74D2E9E7-7D7D-5ED5-34D4-C57888BDA749}"
EndProject
Project("{2150E333-8FDC-42A3-9474-1A3956D46DE8}") = "devops_cicd", "devops_cicd", "{A4EC0F6E-6383-CE77-1315-4EEA448BC16C}"
EndProject
Project("{2150E333-8FDC-42A3-9474-1A3956D46DE8}") = "microservices", "microservices", "{8A367DDA-5161-A942-4F09-60E4726C9306}"
EndProject
Project("{2150E333-8FDC-42A3-9474-1A3956D46DE8}") = "orchestrators", "orchestrators", "{C7FCDD3B-87DF-F49A-73B9-BE569E638E4C}"
EndProject
Project("{2150E333-8FDC-42A3-9474-1A3956D46DE8}") = "scalability", "scalability", "{8A12B577-D6E7-E4FA-2B24-C49BCBA6ED13}"
EndProject
Project("{2150E333-8FDC-42A3-9474-1A3956D46DE8}") = "lecture96", "lecture96", "{C86F84F6-2EEF-2885-5160-996304778C33}"
EndProject
Project("{FAE04EC0-301F-11D3-BF4B-00C04F79EFBC}") = "ProductService", "containers\lecture96\ProductService\ProductService.csproj", "{5FC82B6D-D026-51BB-6EB3-698D40C48BFA}"
EndProject
Project("{2150E333-8FDC-42A3-9474-1A3956D46DE8}") = "lecture97", "lecture97", "{67A715C4-0F78-89D4-5211-73FFC1EF340C}"
EndProject
Project("{FAE04EC0-301F-11D3-BF4B-00C04F79EFBC}") = "ProductService", "containers\lecture97\ProductService\ProductService.csproj", "{3F5F87BF-DBD8-C92D-D0D4-F8C6BC18BC21}"
EndProject
Project("{2150E333-8FDC-42A3-9474-1A3956D46DE8}") = "lecture384", "lecture384", "{2BE7E5E9-3149-21CA-3851-31F9BFAB0F16}"
EndProject
Project("{FAE04EC0-301F-11D3-BF4B-00C04F79EFBC}") = "ProductService", "devops_cicd\lecture384\ProductService\ProductService.csproj", "{51BE5F0A-8FA6-2126-92FD-49B5C6A8C6FC}"
EndProject
Project("{2150E333-8FDC-42A3-9474-1A3956D46DE8}") = "lecture69", "lecture69", "{E49547D7-310F-47CB-3526-0FC7B4FC1899}"
EndProject
Project("{FAE04EC0-301F-11D3-BF4B-00C04F79EFBC}") = "ProductService", "microservices\lecture69\ProductService\ProductService.csproj", "{B7990CAE-186F-95BD-77FF-016A6A8DEB5B}"
EndProject
Project("{2150E333-8FDC-42A3-9474-1A3956D46DE8}") = "lecture70", "lecture70", "{776606C7-FA93-955B-A665-79E1883C4290}"
EndProject
Project("{FAE04EC0-301F-11D3-BF4B-00C04F79EFBC}") = "ProductService", "microservices\lecture70\ProductService\ProductService.csproj", "{C8C77948-E46D-F4F3-A97F-3CE30FE31D55}"
EndProject
Project("{2150E333-8FDC-42A3-9474-1A3956D46DE8}") = "lecture132", "lecture132", "{1B977117-704C-A994-CBC1-FE44D835DF2E}"
EndProject
Project("{FAE04EC0-301F-11D3-BF4B-00C04F79EFBC}") = "ProductService", "orchestrators\lecture132\ProductService\ProductService.csproj", "{43E370D3-8BE4-3FD0-2399-4D1AFC2AC9DC}"
EndProject
Project("{2150E333-8FDC-42A3-9474-1A3956D46DE8}") = "lecture142", "lecture142", "{FF7E0DA1-E099-6F97-EABF-BE3993833A17}"
EndProject
Project("{FAE04EC0-301F-11D3-BF4B-00C04F79EFBC}") = "ProductService", "orchestrators\lecture142\ProductService\ProductService.csproj", "{DCBFC600-2961-8185-5835-872AA61AC0AC}"
EndProject
Project("{2150E333-8FDC-42A3-9474-1A3956D46DE8}") = "lecture154", "lecture154", "{F2EF058C-7EE7-0A52-08D9-04CD968D702E}"
EndProject
Project("{FAE04EC0-301F-11D3-BF4B-00C04F79EFBC}") = "ProductService", "orchestrators\lecture154\ProductService\ProductService.csproj", "{96D8E637-65D2-E34D-2E52-7A92FF96AF53}"
EndProject
Project("{2150E333-8FDC-42A3-9474-1A3956D46DE8}") = "lecture324", "lecture324", "{FBF17F6E-C76B-F0C8-C851-86EC8A907E9B}"
EndProject
Project("{FAE04EC0-301F-11D3-BF4B-00C04F79EFBC}") = "ProductService", "scalability\lecture324\ProductService\ProductService.csproj", "{57AC88EE-E7D6-5F50-2FF7-67E2A0768353}"
EndProject
Project("{2150E333-8FDC-42A3-9474-1A3956D46DE8}") = "lecture330", "lecture330", "{F0A94946-5DB5-2083-FBFA-F7CE668238FA}"
EndProject
Project("{FAE04EC0-301F-11D3-BF4B-00C04F79EFBC}") = "ProductService", "scalability\lecture330\ProductService\ProductService.csproj", "{048CBAEC-BC46-8F3A-05A1-762F3008B5E3}"
EndProject
Project("{2150E333-8FDC-42A3-9474-1A3956D46DE8}") = "lecture331", "lecture331", "{DCC13CDD-8367-5979-6599-4E82A49ED66C}"
EndProject
Project("{FAE04EC0-301F-11D3-BF4B-00C04F79EFBC}") = "ProductService", "scalability\lecture331\ProductService\ProductService.csproj", "{7094A0BD-5787-7560-3F7A-2C75134DDE77}"
EndProject
Project("{2150E333-8FDC-42A3-9474-1A3956D46DE8}") = "lecture332", "lecture332", "{BC649FB6-1E44-ADA6-DEAD-ABAD52142E0D}"
EndProject
Project("{FAE04EC0-301F-11D3-BF4B-00C04F79EFBC}") = "ProductService", "scalability\lecture332\ProductService\ProductService.csproj", "{F77FF5BE-787F-93EF-C907-A2A465E57E07}"
EndProject
Project("{2150E333-8FDC-42A3-9474-1A3956D46DE8}") = "lecture333", "lecture333", "{50D426E5-AE58-E36C-7777-B15047E45EBE}"
EndProject
Project("{FAE04EC0-301F-11D3-BF4B-00C04F79EFBC}") = "ProductService", "scalability\lecture333\ProductService\ProductService.csproj", "{BDB7293C-988C-3773-95FA-E927F2C27488}"
EndProject
Project("{2150E333-8FDC-42A3-9474-1A3956D46DE8}") = "lecture334", "lecture334", "{4355AE56-2E03-8345-6D8B-854F1EEC6A29}"
EndProject
Project("{FAE04EC0-301F-11D3-BF4B-00C04F79EFBC}") = "ProductService", "scalability\lecture334\ProductService\ProductService.csproj", "{1897A290-430D-9A7D-45A4-6AA875B10AB2}"
EndProject
Global
	GlobalSection(SolutionConfigurationPlatforms) = preSolution
		Debug|Any CPU = Debug|Any CPU
		Release|Any CPU = Release|Any CPU
	EndGlobalSection
	GlobalSection(ProjectConfigurationPlatforms) = postSolution
		{5FC82B6D-D026-51BB-6EB3-698D40C48BFA}.Debug|Any CPU.ActiveCfg = Debug|Any CPU
		{5FC82B6D-D026-51BB-6EB3-698D40C48BFA}.Debug|Any CPU.Build.0 = Debug|Any CPU
		{5FC82B6D-D026-51BB-6EB3-698D40C48BFA}.Release|Any CPU.ActiveCfg = Release|Any CPU
		{5FC82B6D-D026-51BB-6EB3-698D40C48BFA}.Release|Any CPU.Build.0 = Release|Any CPU
		{3F5F87BF-DBD8-C92D-D0D4-F8C6BC18BC21}.Debug|Any CPU.ActiveCfg = Debug|Any CPU
		{3F5F87BF-DBD8-C92D-D0D4-F8C6BC18BC21}.Debug|Any CPU.Build.0 = Debug|Any CPU
		{3F5F87BF-DBD8-C92D-D0D4-F8C6BC18BC21}.Release|Any CPU.ActiveCfg = Release|Any CPU
		{3F5F87BF-DBD8-C92D-D0D4-F8C6BC18BC21}.Release|Any CPU.Build.0 = Release|Any CPU
		{51BE5F0A-8FA6-2126-92FD-49B5C6A8C6FC}.Debug|Any CPU.ActiveCfg = Debug|Any CPU
		{51BE5F0A-8FA6-2126-92FD-49B5C6A8C6FC}.Debug|Any CPU.Build.0 = Debug|Any CPU
		{51BE5F0A-8FA6-2126-92FD-49B5C6A8C6FC}.Release|Any CPU.ActiveCfg = Release|Any CPU
		{51BE5F0A-8FA6-2126-92FD-49B5C6A8C6FC}.Release|Any CPU.Build.0 = Release|Any CPU
		{B7990CAE-186F-95BD-77FF-016A6A8DEB5B}.Debug|Any CPU.ActiveCfg = Debug|Any CPU
		{B7990CAE-186F-95BD-77FF-016A6A8DEB5B}.Debug|Any CPU.Build.0 = Debug|Any CPU
		{B7990CAE-186F-95BD-77FF-016A6A8DEB5B}.Release|Any CPU.ActiveCfg = Release|Any CPU
		{B7990CAE-186F-95BD-77FF-016A6A8DEB5B}.Release|Any CPU.Build.0 = Release|Any CPU
		{C8C77948-E46D-F4F3-A97F-3CE30FE31D55}.Debug|Any CPU.ActiveCfg = Debug|Any CPU
		{C8C77948-E46D-F4F3-A97F-3CE30FE31D55}.Debug|Any CPU.Build.0 = Debug|Any CPU
		{C8C77948-E46D-F4F3-A97F-3CE30FE31D55}.Release|Any CPU.ActiveCfg = Release|Any CPU
		{C8C77948-E46D-F4F3-A97F-3CE30FE31D55}.Release|Any CPU.Build.0 = Release|Any CPU
		{43E370D3-8BE4-3FD0-2399-4D1AFC2AC9DC}.Debug|Any CPU.ActiveCfg = Debug|Any CPU
		{43E370D3-8BE4-3FD0-2399-4D1AFC2AC9DC}.Debug|Any CPU.Build.0 = Debug|Any CPU
		{43E370D3-8BE4-3FD0-2399-4D1AFC2AC9DC}.Release|Any CPU.ActiveCfg = Release|Any CPU
		{43E370D3-8BE4-3FD0-2399-4D1AFC2AC9DC}.Release|Any CPU.Build.0 = Release|Any CPU
		{DCBFC600-2961-8185-5835-872AA61AC0AC}.Debug|Any CPU.ActiveCfg = Debug|Any CPU
		{DCBFC600-2961-8185-5835-872AA61AC0AC}.Debug|Any CPU.Build.0 = Debug|Any CPU
		{DCBFC600-2961-8185-5835-872AA61AC0AC}.Release|Any CPU.ActiveCfg = Release|Any CPU
		{DCBFC600-2961-8185-5835-872AA61AC0AC}.Release|Any CPU.Build.0 = Release|Any CPU
		{96D8E637-65D2-E34D-2E52-7A92FF96AF53}.Debug|Any CPU.ActiveCfg = Debug|Any CPU
		{96D8E637-65D2-E34D-2E52-7A92FF96AF53}.Debug|Any CPU.Build.0 = Debug|Any CPU
		{96D8E637-65D2-E34D-2E52-7A92FF96AF53}.Release|Any CPU.ActiveCfg = Release|Any CPU
		{96D8E637-65D2-E34D-2E52-7A92FF96AF53}.Release|Any CPU.Build.0 = Release|Any CPU
		{57AC88EE-E7D6-5F50-2FF7-67E2A0768353}.Debug|Any CPU.ActiveCfg = Debug|Any CPU
		{57AC88EE-E7D6-5F50-2FF7-67E2A0768353}.Debug|Any CPU.Build.0 = Debug|Any CPU
		{57AC88EE-E7D6-5F50-2FF7-67E2A0768353}.Release|Any CPU.ActiveCfg = Release|Any CPU
		{57AC88EE-E7D6-5F50-2FF7-67E2A0768353}.Release|Any CPU.Build.0 = Release|Any CPU
		{048CBAEC-BC46-8F3A-05A1-762F3008B5E3}.Debug|Any CPU.ActiveCfg = Debug|Any CPU
		{048CBAEC-BC46-8F3A-05A1-762F3008B5E3}.Debug|Any CPU.Build.0 = Debug|Any CPU
		{048CBAEC-BC46-8F3A-05A1-762F3008B5E3}.Release|Any CPU.ActiveCfg = Release|Any CPU
		{048CBAEC-BC46-8F3A-05A1-762F3008B5E3}.Release|Any CPU.Build.0 = Release|Any CPU
		{7094A0BD-5787-7560-3F7A-2C75134DDE77}.Debug|Any CPU.ActiveCfg = Debug|Any CPU
		{7094A0BD-5787-7560-3F7A-2C75134DDE77}.Debug|Any CPU.Build.0 = Debug|Any CPU
		{7094A0BD-5787-7560-3F7A-2C75134DDE77}.Release|Any CPU.ActiveCfg = Release|Any CPU
		{7094A0BD-5787-7560-3F7A-2C75134DDE77}.Release|Any CPU.Build.0 = Release|Any CPU
		{F77FF5BE-787F-93EF-C907-A2A465E57E07}.Debug|Any CPU.ActiveCfg = Debug|Any CPU
		{F77FF5BE-787F-93EF-C907-A2A465E57E07}.Debug|Any CPU.Build.0 = Debug|Any CPU
		{F77FF5BE-787F-93EF-C907-A2A465E57E07}.Release|Any CPU.ActiveCfg = Release|Any CPU
		{F77FF5BE-787F-93EF-C907-A2A465E57E07}.Release|Any CPU.Build.0 = Release|Any CPU
		{BDB7293C-988C-3773-95FA-E927F2C27488}.Debug|Any CPU.ActiveCfg = Debug|Any CPU
		{BDB7293C-988C-3773-95FA-E927F2C27488}.Debug|Any CPU.Build.0 = Debug|Any CPU
		{BDB7293C-988C-3773-95FA-E927F2C27488}.Release|Any CPU.ActiveCfg = Release|Any CPU
		{BDB7293C-988C-3773-95FA-E927F2C27488}.Release|Any CPU.Build.0 = Release|Any CPU
		{1897A290-430D-9A7D-45A4-6AA875B10AB2}.Debug|Any CPU.ActiveCfg = Debug|Any CPU
		{1897A290-430D-9A7D-45A4-6AA875B10AB2}.Debug|Any CPU.Build.0 = Debug|Any CPU
		{1897A290-430D-9A7D-45A4-6AA875B10AB2}.Release|Any CPU.ActiveCfg = Release|Any CPU
		{1897A290-430D-9A7D-45A4-6AA875B10AB2}.Release|Any CPU.Build.0 = Release|Any CPU
	EndGlobalSection
	GlobalSection(SolutionProperties) = preSolution
		HideSolutionNode = FALSE
	EndGlobalSection
	GlobalSection(NestedProjects) = preSolution
		{C86F84F6-2EEF-2885-5160-996304778C33} = {74D2E9E7-7D7D-5ED5-34D4-C57888BDA749}
		{5FC82B6D-D026-51BB-6EB3-698D40C48BFA} = {C86F84F6-2EEF-2885-5160-996304778C33}
		{67A715C4-0F78-89D4-5211-73FFC1EF340C} = {74D2E9E7-7D7D-5ED5-34D4-C57888BDA749}
		{3F5F87BF-DBD8-C92D-D0D4-F8C6BC18BC21} = {67A715C4-0F78-89D4-5211-73FFC1EF340C}
		{2BE7E5E9-3149-21CA-3851-31F9BFAB0F16} = {A4EC0F6E-6383-CE77-1315-4EEA448BC16C}
		{51BE5F0A-8FA6-2126-92FD-49B5C6A8C6FC} = {2BE7E5E9-3149-21CA-3851-31F9BFAB0F16}
		{E49547D7-310F-47CB-3526-0FC7B4FC1899} = {8A367DDA-5161-A942-4F09-60E4726C9306}
		{B7990CAE-186F-95BD-77FF-016A6A8DEB5B} = {E49547D7-310F-47CB-3526-0FC7B4FC1899}
		{776606C7-FA93-955B-A665-79E1883C4290} = {8A367DDA-5161-A942-4F09-60E4726C9306}
		{C8C77948-E46D-F4F3-A97F-3CE30FE31D55} = {776606C7-FA93-955B-A665-79E1883C4290}
		{1B977117-704C-A994-CBC1-FE44D835DF2E} = {C7FCDD3B-87DF-F49A-73B9-BE569E638E4C}
		{43E370D3-8BE4-3FD0-2399-4D1AFC2AC9DC} = {1B977117-704C-A994-CBC1-FE44D835DF2E}
		{FF7E0DA1-E099-6F97-EABF-BE3993833A17} = {C7FCDD3B-87DF-F49A-73B9-BE569E638E4C}
		{DCBFC600-2961-8185-5835-872AA61AC0AC} = {FF7E0DA1-E099-6F97-EABF-BE3993833A17}
		{F2EF058C-7EE7-0A52-08D9-04CD968D702E} = {C7FCDD3B-87DF-F49A-73B9-BE569E638E4C}
		{96D8E637-65D2-E34D-2E52-7A92FF96AF53} = {F2EF058C-7EE7-0A52-08D9-04CD968D702E}
		{FBF17F6E-C76B-F0C8-C851-86EC8A907E9B} = {8A12B577-D6E7-E4FA-2B24-C49BCBA6ED13}
		{57AC88EE-E7D6-5F50-2FF7-67E2A0768353} = {FBF17F6E-C76B-F0C8-C851-86EC8A907E9B}
		{F0A94946-5DB5-2083-FBFA-F7CE668238FA} = {8A12B577-D6E7-E4FA-2B24-C49BCBA6ED13}
		{048CBAEC-BC46-8F3A-05A1-762F3008B5E3} = {F0A94946-5DB5-2083-FBFA-F7CE668238FA}
		{DCC13CDD-8367-5979-6599-4E82A49ED66C} = {8A12B577-D6E7-E4FA-2B24-C49BCBA6ED13}
		{7094A0BD-5787-7560-3F7A-2C75134DDE77} = {DCC13CDD-8367-5979-6599-4E82A49ED66C}
		{BC649FB6-1E44-ADA6-DEAD-ABAD52142E0D} = {8A12B577-D6E7-E4FA-2B24-C49BCBA6ED13}
		{F77FF5BE-787F-93EF-C907-A2A465E57E07} = {BC649FB6-1E44-ADA6-DEAD-ABAD52142E0D}
		{50D426E5-AE58-E36C-7777-B15047E45EBE} = {8A12B577-D6E7-E4FA-2B24-C49BCBA6ED13}
		{BDB7293C-988C-3773-95FA-E927F2C27488} = {50D426E5-AE58-E36C-7777-B15047E45EBE}
		{4355AE56-2E03-8345-6D8B-854F1EEC6A29} = {8A12B577-D6E7-E4FA-2B24-C49BCBA6ED13}
		{1897A290-430D-9A7D-45A4-6AA875B10AB2} = {4355AE56-2E03-8345-6D8B-854F1EEC6A29}
	EndGlobalSection
	GlobalSection(ExtensibilityGlobals) = postSolution
		SolutionGuid = {F7A37D93-3F84-4BEF-A858-D991DF299D51}
	EndGlobalSection
EndGlobal
